
Microsoft Visual Studio Solution File, Format Version 12.00
# Visual Studio Version 17
VisualStudioVersion = 17.11.35327.3
MinimumVisualStudioVersion = 10.0.40219.1
Project("{FAE04EC0-301F-11D3-BF4B-00C04F79EFBC}") = "PB - More Exercises - For - Loop", "PB - More Exercises - For - Loop.csproj", "{B05662A8-AADF-4045-8C32-AA1988125655}"
EndProject
Global
	GlobalSection(SolutionConfigurationPlatforms) = preSolution
		Debug|Any CPU = Debug|Any CPU
		Release|Any CPU = Release|Any CPU
	EndGlobalSection
	GlobalSection(ProjectConfigurationPlatforms) = postSolution
		{B05662A8-AADF-4045-8C32-AA1988125655}.Debug|Any CPU.ActiveCfg = Debug|Any CPU
		{B05662A8-AADF-4045-8C32-AA1988125655}.Debug|Any CPU.Build.0 = Debug|Any CPU
		{B05662A8-AADF-4045-8C32-AA1988125655}.Release|Any CPU.ActiveCfg = Release|Any CPU
		{B05662A8-AADF-4045-8C32-AA1988125655}.Release|Any CPU.Build.0 = Release|Any CPU
	EndGlobalSection
	GlobalSection(SolutionProperties) = preSolution
		HideSolutionNode = FALSE
	EndGlobalSection
	GlobalSection(ExtensibilityGlobals) = postSolution
		SolutionGuid = {79843A3F-86E2-4C2F-B074-0EBAFCD7756B}
	EndGlobalSection
EndGlobal
