
Microsoft Visual Studio Solution File, Format Version 12.00
# Visual Studio Version 17
VisualStudioVersion = 17.11.35327.3
MinimumVisualStudioVersion = 10.0.40219.1
Project("{9A19103F-16F7-4668-BE54-9A1E7A4F7556}") = "PlayersAndMonsters", "PlayersAndMonsters.csproj", "{61B0B6F6-7CF7-4CD6-9DFC-3677977CF69F}"
EndProject
Global
	GlobalSection(SolutionConfigurationPlatforms) = preSolution
		Debug|Any CPU = Debug|Any CPU
		Release|Any CPU = Release|Any CPU
	EndGlobalSection
	GlobalSection(ProjectConfigurationPlatforms) = postSolution
		{61B0B6F6-7CF7-4CD6-9DFC-3677977CF69F}.Debug|Any CPU.ActiveCfg = Debug|Any CPU
		{61B0B6F6-7CF7-4CD6-9DFC-3677977CF69F}.Debug|Any CPU.Build.0 = Debug|Any CPU
		{61B0B6F6-7CF7-4CD6-9DFC-3677977CF69F}.Release|Any CPU.ActiveCfg = Release|Any CPU
		{61B0B6F6-7CF7-4CD6-9DFC-3677977CF69F}.Release|Any CPU.Build.0 = Release|Any CPU
	EndGlobalSection
	GlobalSection(SolutionProperties) = preSolution
		HideSolutionNode = FALSE
	EndGlobalSection
	GlobalSection(ExtensibilityGlobals) = postSolution
		SolutionGuid = {70F71A6E-4573-4FA7-BB6E-70F9D41788C9}
	EndGlobalSection
EndGlobal
