
Microsoft Visual Studio Solution File, Format Version 12.00
# Visual Studio Version 17
VisualStudioVersion = 17.11.35327.3
MinimumVisualStudioVersion = 10.0.40219.1
Project("{FAE04EC0-301F-11D3-BF4B-00C04F79EFBC}") = "PB - Exam 5", "PB - Exam 5.csproj", "{DCC225C6-F3A9-4365-B7DC-110C9E1BDE48}"
EndProject
Global
	GlobalSection(SolutionConfigurationPlatforms) = preSolution
		Debug|Any CPU = Debug|Any CPU
		Release|Any CPU = Release|Any CPU
	EndGlobalSection
	GlobalSection(ProjectConfigurationPlatforms) = postSolution
		{DCC225C6-F3A9-4365-B7DC-110C9E1BDE48}.Debug|Any CPU.ActiveCfg = Debug|Any CPU
		{DCC225C6-F3A9-4365-B7DC-110C9E1BDE48}.Debug|Any CPU.Build.0 = Debug|Any CPU
		{DCC225C6-F3A9-4365-B7DC-110C9E1BDE48}.Release|Any CPU.ActiveCfg = Release|Any CPU
		{DCC225C6-F3A9-4365-B7DC-110C9E1BDE48}.Release|Any CPU.Build.0 = Release|Any CPU
	EndGlobalSection
	GlobalSection(SolutionProperties) = preSolution
		HideSolutionNode = FALSE
	EndGlobalSection
	GlobalSection(ExtensibilityGlobals) = postSolution
		SolutionGuid = {5F856022-921E-48A5-A9DC-3A4EC5071753}
	EndGlobalSection
EndGlobal
