
Microsoft Visual Studio Solution File, Format Version 12.00
# Visual Studio Version 17
VisualStudioVersion = 17.11.35327.3
MinimumVisualStudioVersion = 10.0.40219.1
Project("{FAE04EC0-301F-11D3-BF4B-00C04F79EFBC}") = "For Loop Lab", "For Loop Lab.csproj", "{C49C10F0-AA72-4046-A74A-95FAF583B278}"
EndProject
Global
	GlobalSection(SolutionConfigurationPlatforms) = preSolution
		Debug|Any CPU = Debug|Any CPU
		Release|Any CPU = Release|Any CPU
	EndGlobalSection
	GlobalSection(ProjectConfigurationPlatforms) = postSolution
		{C49C10F0-AA72-4046-A74A-95FAF583B278}.Debug|Any CPU.ActiveCfg = Debug|Any CPU
		{C49C10F0-AA72-4046-A74A-95FAF583B278}.Debug|Any CPU.Build.0 = Debug|Any CPU
		{C49C10F0-AA72-4046-A74A-95FAF583B278}.Release|Any CPU.ActiveCfg = Release|Any CPU
		{C49C10F0-AA72-4046-A74A-95FAF583B278}.Release|Any CPU.Build.0 = Release|Any CPU
	EndGlobalSection
	GlobalSection(SolutionProperties) = preSolution
		HideSolutionNode = FALSE
	EndGlobalSection
	GlobalSection(ExtensibilityGlobals) = postSolution
		SolutionGuid = {AEC17B55-5F91-4E71-BA61-8FBA027E1ADA}
	EndGlobalSection
EndGlobal
