
Microsoft Visual Studio Solution File, Format Version 12.00
# Visual Studio Version 17
VisualStudioVersion = 17.10.35122.118
MinimumVisualStudioVersion = 10.0.40219.1
Project("{FAE04EC0-301F-11D3-BF4B-00C04F79EFBC}") = "Basic terms", "Basic terms\Basic terms.csproj", "{487A47CC-79AC-45DD-AF68-B9B362094E47}"
EndProject
Global
	GlobalSection(SolutionConfigurationPlatforms) = preSolution
		Debug|Any CPU = Debug|Any CPU
		Release|Any CPU = Release|Any CPU
	EndGlobalSection
	GlobalSection(ProjectConfigurationPlatforms) = postSolution
		{487A47CC-79AC-45DD-AF68-B9B362094E47}.Debug|Any CPU.ActiveCfg = Debug|Any CPU
		{487A47CC-79AC-45DD-AF68-B9B362094E47}.Debug|Any CPU.Build.0 = Debug|Any CPU
		{487A47CC-79AC-45DD-AF68-B9B362094E47}.Release|Any CPU.ActiveCfg = Release|Any CPU
		{487A47CC-79AC-45DD-AF68-B9B362094E47}.Release|Any CPU.Build.0 = Release|Any CPU
	EndGlobalSection
	GlobalSection(SolutionProperties) = preSolution
		HideSolutionNode = FALSE
	EndGlobalSection
	GlobalSection(ExtensibilityGlobals) = postSolution
		SolutionGuid = {AB4C4A74-487C-4BF7-97D7-29D27DF4F528}
	EndGlobalSection
EndGlobal
