
Microsoft Visual Studio Solution File, Format Version 12.00
# Visual Studio Version 17
VisualStudioVersion = 17.11.35327.3
MinimumVisualStudioVersion = 10.0.40219.1
Project("{FAE04EC0-301F-11D3-BF4B-00C04F79EFBC}") = "Nested Loop - Lab", "Nested Loop - Lab.csproj", "{ECE8E24D-6810-44EC-898A-3648454B12E5}"
EndProject
Global
	GlobalSection(SolutionConfigurationPlatforms) = preSolution
		Debug|Any CPU = Debug|Any CPU
		Release|Any CPU = Release|Any CPU
	EndGlobalSection
	GlobalSection(ProjectConfigurationPlatforms) = postSolution
		{ECE8E24D-6810-44EC-898A-3648454B12E5}.Debug|Any CPU.ActiveCfg = Debug|Any CPU
		{ECE8E24D-6810-44EC-898A-3648454B12E5}.Debug|Any CPU.Build.0 = Debug|Any CPU
		{ECE8E24D-6810-44EC-898A-3648454B12E5}.Release|Any CPU.ActiveCfg = Release|Any CPU
		{ECE8E24D-6810-44EC-898A-3648454B12E5}.Release|Any CPU.Build.0 = Release|Any CPU
	EndGlobalSection
	GlobalSection(SolutionProperties) = preSolution
		HideSolutionNode = FALSE
	EndGlobalSection
	GlobalSection(ExtensibilityGlobals) = postSolution
		SolutionGuid = {DB647687-E72C-4B64-BC70-1FFCFC92DC04}
	EndGlobalSection
EndGlobal
